
Microsoft Visual Studio Solution File, Format Version 12.00
# Visual Studio Version 16
VisualStudioVersion = 16.0.31515.178
MinimumVisualStudioVersion = 10.0.40219.1
Project("{2150E333-8FDC-42A3-9474-1A3956D46DE8}") = "etc", "etc", "{8A81D529-2C55-44CE-A28F-05732B21BA39}"
	ProjectSection(SolutionItems) = preProject
		CHANGELOG.md = CHANGELOG.md
		LICENSE.md = LICENSE.md
		README.md = README.md
	EndProjectSection
EndProject
Project("{2150E333-8FDC-42A3-9474-1A3956D46DE8}") = "src", "src", "{1B5A9AB1-F2BB-4BFB-9FC2-0EB082BC41BE}"
EndProject
Project("{2150E333-8FDC-42A3-9474-1A3956D46DE8}") = "test", "test", "{15D80183-A46C-46C4-8B7F-5DE46F74DA66}"
EndProject
Project("{9A19103F-16F7-4668-BE54-9A1E7A4F7556}") = "IBARP.Application", "src\IBARP.Application\IBARP.Application.csproj", "{3A396706-1B67-4833-80DA-781E827D501D}"
EndProject
Project("{2150E333-8FDC-42A3-9474-1A3956D46DE8}") = "database", "database", "{26DE20DC-4173-4F88-A49D-31823B678E0E}"
EndProject
Project("{FAE04EC0-301F-11D3-BF4B-00C04F79EFBC}") = "IBARP.Core", "src\IBARP.Core\IBARP.Core.csproj", "{DDF08F49-BB04-458E-9DDA-602F7D0B0318}"
EndProject
Project("{FAE04EC0-301F-11D3-BF4B-00C04F79EFBC}") = "IBARP.DataContracts", "src\IBARP.DataContracts\IBARP.DataContracts.csproj", "{71029A48-B64E-4DF6-B5F1-21D0B9AA33FA}"
EndProject
Project("{FAE04EC0-301F-11D3-BF4B-00C04F79EFBC}") = "IBARP.Repositories", "src\IBARP.Repositories\IBARP.Repositories.csproj", "{C541AA0A-DE83-44B5-B190-D13A2DC89325}"
EndProject
Project("{FAE04EC0-301F-11D3-BF4B-00C04F79EFBC}") = "IBARP.Core.UnitTest", "test\IBARP.Core.UnitTest\IBARP.Core.UnitTest.csproj", "{E0C33775-75CD-4553-AA4E-42875E44F860}"
EndProject
Project("{FAE04EC0-301F-11D3-BF4B-00C04F79EFBC}") = "IBARP.Database", "database\IBARP.Database\IBARP.Database.csproj", "{942EAA26-1D54-4597-BE0A-EE4A12FC1523}"
EndProject
Global
	GlobalSection(SolutionConfigurationPlatforms) = preSolution
		Debug|Any CPU = Debug|Any CPU
		Release|Any CPU = Release|Any CPU
	EndGlobalSection
	GlobalSection(ProjectConfigurationPlatforms) = postSolution
		{3A396706-1B67-4833-80DA-781E827D501D}.Debug|Any CPU.ActiveCfg = Debug|Any CPU
		{3A396706-1B67-4833-80DA-781E827D501D}.Debug|Any CPU.Build.0 = Debug|Any CPU
		{3A396706-1B67-4833-80DA-781E827D501D}.Release|Any CPU.ActiveCfg = Release|Any CPU
		{3A396706-1B67-4833-80DA-781E827D501D}.Release|Any CPU.Build.0 = Release|Any CPU
		{DDF08F49-BB04-458E-9DDA-602F7D0B0318}.Debug|Any CPU.ActiveCfg = Debug|Any CPU
		{DDF08F49-BB04-458E-9DDA-602F7D0B0318}.Debug|Any CPU.Build.0 = Debug|Any CPU
		{DDF08F49-BB04-458E-9DDA-602F7D0B0318}.Release|Any CPU.ActiveCfg = Release|Any CPU
		{DDF08F49-BB04-458E-9DDA-602F7D0B0318}.Release|Any CPU.Build.0 = Release|Any CPU
		{71029A48-B64E-4DF6-B5F1-21D0B9AA33FA}.Debug|Any CPU.ActiveCfg = Debug|Any CPU
		{71029A48-B64E-4DF6-B5F1-21D0B9AA33FA}.Debug|Any CPU.Build.0 = Debug|Any CPU
		{71029A48-B64E-4DF6-B5F1-21D0B9AA33FA}.Release|Any CPU.ActiveCfg = Release|Any CPU
		{71029A48-B64E-4DF6-B5F1-21D0B9AA33FA}.Release|Any CPU.Build.0 = Release|Any CPU
		{C541AA0A-DE83-44B5-B190-D13A2DC89325}.Debug|Any CPU.ActiveCfg = Debug|Any CPU
		{C541AA0A-DE83-44B5-B190-D13A2DC89325}.Debug|Any CPU.Build.0 = Debug|Any CPU
		{C541AA0A-DE83-44B5-B190-D13A2DC89325}.Release|Any CPU.ActiveCfg = Release|Any CPU
		{C541AA0A-DE83-44B5-B190-D13A2DC89325}.Release|Any CPU.Build.0 = Release|Any CPU
		{E0C33775-75CD-4553-AA4E-42875E44F860}.Debug|Any CPU.ActiveCfg = Debug|Any CPU
		{E0C33775-75CD-4553-AA4E-42875E44F860}.Debug|Any CPU.Build.0 = Debug|Any CPU
		{E0C33775-75CD-4553-AA4E-42875E44F860}.Release|Any CPU.ActiveCfg = Release|Any CPU
		{E0C33775-75CD-4553-AA4E-42875E44F860}.Release|Any CPU.Build.0 = Release|Any CPU
		{942EAA26-1D54-4597-BE0A-EE4A12FC1523}.Debug|Any CPU.ActiveCfg = Debug|Any CPU
		{942EAA26-1D54-4597-BE0A-EE4A12FC1523}.Debug|Any CPU.Build.0 = Debug|Any CPU
		{942EAA26-1D54-4597-BE0A-EE4A12FC1523}.Release|Any CPU.ActiveCfg = Release|Any CPU
		{942EAA26-1D54-4597-BE0A-EE4A12FC1523}.Release|Any CPU.Build.0 = Release|Any CPU
	EndGlobalSection
	GlobalSection(SolutionProperties) = preSolution
		HideSolutionNode = FALSE
	EndGlobalSection
	GlobalSection(NestedProjects) = preSolution
		{3A396706-1B67-4833-80DA-781E827D501D} = {1B5A9AB1-F2BB-4BFB-9FC2-0EB082BC41BE}
		{DDF08F49-BB04-458E-9DDA-602F7D0B0318} = {1B5A9AB1-F2BB-4BFB-9FC2-0EB082BC41BE}
		{71029A48-B64E-4DF6-B5F1-21D0B9AA33FA} = {1B5A9AB1-F2BB-4BFB-9FC2-0EB082BC41BE}
		{C541AA0A-DE83-44B5-B190-D13A2DC89325} = {1B5A9AB1-F2BB-4BFB-9FC2-0EB082BC41BE}
		{E0C33775-75CD-4553-AA4E-42875E44F860} = {15D80183-A46C-46C4-8B7F-5DE46F74DA66}
		{942EAA26-1D54-4597-BE0A-EE4A12FC1523} = {26DE20DC-4173-4F88-A49D-31823B678E0E}
	EndGlobalSection
	GlobalSection(ExtensibilityGlobals) = postSolution
		SolutionGuid = {D1B76782-72C2-44F0-8389-14E69609FD77}
	EndGlobalSection
EndGlobal
